// !$*UTF8*$!
{
	archiveVersion = 1;
	classes = {
	};
	objectVersion = 46;
	objects = {

/* Begin PBXBuildFile section */
		674ADA111B9A6AFF00987939 /* CircleSpinnerView.m in Sources */ = {isa = PBXBuildFile; fileRef = 674ADA101B9A6AFF00987939 /* CircleSpinnerView.m */; };
		674ADA141B9A94B300987939 /* LikeButton.m in Sources */ = {isa = PBXBuildFile; fileRef = 674ADA131B9A94B300987939 /* LikeButton.m */; };
		676C4FA41B86573E001F2D03 /* main.m in Sources */ = {isa = PBXBuildFile; fileRef = 676C4FA31B86573E001F2D03 /* main.m */; };
		676C4FA71B86573E001F2D03 /* AppDelegate.m in Sources */ = {isa = PBXBuildFile; fileRef = 676C4FA61B86573E001F2D03 /* AppDelegate.m */; };
		676C4FAF1B86573E001F2D03 /* Images.xcassets in Resources */ = {isa = PBXBuildFile; fileRef = 676C4FAE1B86573E001F2D03 /* Images.xcassets */; };
		676C4FB21B86573E001F2D03 /* LaunchScreen.xib in Resources */ = {isa = PBXBuildFile; fileRef = 676C4FB01B86573E001F2D03 /* LaunchScreen.xib */; };
		676C4FBE1B86573E001F2D03 /* BlocstagramTests.m in Sources */ = {isa = PBXBuildFile; fileRef = 676C4FBD1B86573E001F2D03 /* BlocstagramTests.m */; };
		676C4FD21B865A57001F2D03 /* 1.jpg in Resources */ = {isa = PBXBuildFile; fileRef = 676C4FC81B865A57001F2D03 /* 1.jpg */; };
		676C4FD31B865A57001F2D03 /* 2.jpg in Resources */ = {isa = PBXBuildFile; fileRef = 676C4FC91B865A57001F2D03 /* 2.jpg */; };
		676C4FD41B865A57001F2D03 /* 3.jpg in Resources */ = {isa = PBXBuildFile; fileRef = 676C4FCA1B865A57001F2D03 /* 3.jpg */; };
		676C4FD51B865A57001F2D03 /* 4.jpg in Resources */ = {isa = PBXBuildFile; fileRef = 676C4FCB1B865A57001F2D03 /* 4.jpg */; };
		676C4FD61B865A57001F2D03 /* 5.jpg in Resources */ = {isa = PBXBuildFile; fileRef = 676C4FCC1B865A57001F2D03 /* 5.jpg */; };
		676C4FD71B865A57001F2D03 /* 6.jpg in Resources */ = {isa = PBXBuildFile; fileRef = 676C4FCD1B865A57001F2D03 /* 6.jpg */; };
		676C4FD81B865A57001F2D03 /* 7.jpg in Resources */ = {isa = PBXBuildFile; fileRef = 676C4FCE1B865A57001F2D03 /* 7.jpg */; };
		676C4FD91B865A57001F2D03 /* 8.jpg in Resources */ = {isa = PBXBuildFile; fileRef = 676C4FCF1B865A57001F2D03 /* 8.jpg */; };
		676C4FDA1B865A57001F2D03 /* 9.jpg in Resources */ = {isa = PBXBuildFile; fileRef = 676C4FD01B865A57001F2D03 /* 9.jpg */; };
		676C4FDB1B865A57001F2D03 /* 10.jpg in Resources */ = {isa = PBXBuildFile; fileRef = 676C4FD11B865A57001F2D03 /* 10.jpg */; };
		676C4FDE1B865A91001F2D03 /* ImagesTableViewController.m in Sources */ = {isa = PBXBuildFile; fileRef = 676C4FDD1B865A91001F2D03 /* ImagesTableViewController.m */; };
		678317E21B8D3C180019C72B /* LoginViewController.m in Sources */ = {isa = PBXBuildFile; fileRef = 678317E11B8D3C180019C72B /* LoginViewController.m */; };
		67BE99F91B90E8C300D21868 /* MediaFullScreenViewController.m in Sources */ = {isa = PBXBuildFile; fileRef = 67BE99F81B90E8C300D21868 /* MediaFullScreenViewController.m */; };
		67BE99FC1B911D1000D21868 /* MediaFullScreenAnimator.m in Sources */ = {isa = PBXBuildFile; fileRef = 67BE99FB1B911D1000D21868 /* MediaFullScreenAnimator.m */; };
		67CE98CD1B9CFDB60003C81C /* SKBounceAnimation.m in Sources */ = {isa = PBXBuildFile; fileRef = 67CE98CC1B9CFDB60003C81C /* SKBounceAnimation.m */; };
		67E533221B8A430400CDE983 /* User.m in Sources */ = {isa = PBXBuildFile; fileRef = 67E533211B8A430400CDE983 /* User.m */; };
		67E533251B8A43A800CDE983 /* Media.m in Sources */ = {isa = PBXBuildFile; fileRef = 67E533241B8A43A800CDE983 /* Media.m */; };
		67E533281B8A449300CDE983 /* Comment.m in Sources */ = {isa = PBXBuildFile; fileRef = 67E533271B8A449300CDE983 /* Comment.m */; };
		67E5332B1B8A461200CDE983 /* DataSource.m in Sources */ = {isa = PBXBuildFile; fileRef = 67E5332A1B8A461200CDE983 /* DataSource.m */; };
		67E5332E1B8A662400CDE983 /* MediaTableViewCell.m in Sources */ = {isa = PBXBuildFile; fileRef = 67E5332D1B8A662400CDE983 /* MediaTableViewCell.m */; };
		B125F6A6C3DE7D38C9D1C8AB /* libPods.a in Frameworks */ = {isa = PBXBuildFile; fileRef = 5C282C864691FA0AF226E89D /* libPods.a */; };
/* End PBXBuildFile section */

/* Begin PBXContainerItemProxy section */
		676C4FB81B86573E001F2D03 /* PBXContainerItemProxy */ = {
			isa = PBXContainerItemProxy;
			containerPortal = 676C4F961B86573E001F2D03 /* Project object */;
			proxyType = 1;
			remoteGlobalIDString = 676C4F9D1B86573E001F2D03;
			remoteInfo = Blocstagram;
		};
/* End PBXContainerItemProxy section */

/* Begin PBXFileReference section */
		1422BEC1660179A57A88D798 /* Pods.release.xcconfig */ = {isa = PBXFileReference; includeInIndex = 1; lastKnownFileType = text.xcconfig; name = Pods.release.xcconfig; path = "Pods/Target Support Files/Pods/Pods.release.xcconfig"; sourceTree = "<group>"; };
		5C282C864691FA0AF226E89D /* libPods.a */ = {isa = PBXFileReference; explicitFileType = archive.ar; includeInIndex = 0; path = libPods.a; sourceTree = BUILT_PRODUCTS_DIR; };
		674ADA0F1B9A6AFF00987939 /* CircleSpinnerView.h */ = {isa = PBXFileReference; fileEncoding = 4; lastKnownFileType = sourcecode.c.h; path = CircleSpinnerView.h; sourceTree = "<group>"; };
		674ADA101B9A6AFF00987939 /* CircleSpinnerView.m */ = {isa = PBXFileReference; fileEncoding = 4; lastKnownFileType = sourcecode.c.objc; path = CircleSpinnerView.m; sourceTree = "<group>"; };
		674ADA121B9A94B300987939 /* LikeButton.h */ = {isa = PBXFileReference; fileEncoding = 4; lastKnownFileType = sourcecode.c.h; path = LikeButton.h; sourceTree = "<group>"; };
		674ADA131B9A94B300987939 /* LikeButton.m */ = {isa = PBXFileReference; fileEncoding = 4; lastKnownFileType = sourcecode.c.objc; path = LikeButton.m; sourceTree = "<group>"; };
		676C4F9E1B86573E001F2D03 /* Blocstagram.app */ = {isa = PBXFileReference; explicitFileType = wrapper.application; includeInIndex = 0; path = Blocstagram.app; sourceTree = BUILT_PRODUCTS_DIR; };
		676C4FA21B86573E001F2D03 /* Info.plist */ = {isa = PBXFileReference; lastKnownFileType = text.plist.xml; path = Info.plist; sourceTree = "<group>"; };
		676C4FA31B86573E001F2D03 /* main.m */ = {isa = PBXFileReference; lastKnownFileType = sourcecode.c.objc; path = main.m; sourceTree = "<group>"; };
		676C4FA51B86573E001F2D03 /* AppDelegate.h */ = {isa = PBXFileReference; lastKnownFileType = sourcecode.c.h; path = AppDelegate.h; sourceTree = "<group>"; };
		676C4FA61B86573E001F2D03 /* AppDelegate.m */ = {isa = PBXFileReference; lastKnownFileType = sourcecode.c.objc; path = AppDelegate.m; sourceTree = "<group>"; };
		676C4FAE1B86573E001F2D03 /* Images.xcassets */ = {isa = PBXFileReference; lastKnownFileType = folder.assetcatalog; path = Images.xcassets; sourceTree = "<group>"; };
		676C4FB11B86573E001F2D03 /* Base */ = {isa = PBXFileReference; lastKnownFileType = file.xib; name = Base; path = Base.lproj/LaunchScreen.xib; sourceTree = "<group>"; };
		676C4FB71B86573E001F2D03 /* BlocstagramTests.xctest */ = {isa = PBXFileReference; explicitFileType = wrapper.cfbundle; includeInIndex = 0; path = BlocstagramTests.xctest; sourceTree = BUILT_PRODUCTS_DIR; };
		676C4FBC1B86573E001F2D03 /* Info.plist */ = {isa = PBXFileReference; lastKnownFileType = text.plist.xml; path = Info.plist; sourceTree = "<group>"; };
		676C4FBD1B86573E001F2D03 /* BlocstagramTests.m */ = {isa = PBXFileReference; lastKnownFileType = sourcecode.c.objc; path = BlocstagramTests.m; sourceTree = "<group>"; };
		676C4FC81B865A57001F2D03 /* 1.jpg */ = {isa = PBXFileReference; lastKnownFileType = image.jpeg; path = 1.jpg; sourceTree = "<group>"; };
		676C4FC91B865A57001F2D03 /* 2.jpg */ = {isa = PBXFileReference; lastKnownFileType = image.jpeg; path = 2.jpg; sourceTree = "<group>"; };
		676C4FCA1B865A57001F2D03 /* 3.jpg */ = {isa = PBXFileReference; lastKnownFileType = image.jpeg; path = 3.jpg; sourceTree = "<group>"; };
		676C4FCB1B865A57001F2D03 /* 4.jpg */ = {isa = PBXFileReference; lastKnownFileType = image.jpeg; path = 4.jpg; sourceTree = "<group>"; };
		676C4FCC1B865A57001F2D03 /* 5.jpg */ = {isa = PBXFileReference; lastKnownFileType = image.jpeg; path = 5.jpg; sourceTree = "<group>"; };
		676C4FCD1B865A57001F2D03 /* 6.jpg */ = {isa = PBXFileReference; lastKnownFileType = image.jpeg; path = 6.jpg; sourceTree = "<group>"; };
		676C4FCE1B865A57001F2D03 /* 7.jpg */ = {isa = PBXFileReference; lastKnownFileType = image.jpeg; path = 7.jpg; sourceTree = "<group>"; };
		676C4FCF1B865A57001F2D03 /* 8.jpg */ = {isa = PBXFileReference; lastKnownFileType = image.jpeg; path = 8.jpg; sourceTree = "<group>"; };
		676C4FD01B865A57001F2D03 /* 9.jpg */ = {isa = PBXFileReference; lastKnownFileType = image.jpeg; path = 9.jpg; sourceTree = "<group>"; };
		676C4FD11B865A57001F2D03 /* 10.jpg */ = {isa = PBXFileReference; lastKnownFileType = image.jpeg; path = 10.jpg; sourceTree = "<group>"; };
		676C4FDC1B865A91001F2D03 /* ImagesTableViewController.h */ = {isa = PBXFileReference; fileEncoding = 4; lastKnownFileType = sourcecode.c.h; path = ImagesTableViewController.h; sourceTree = "<group>"; };
		676C4FDD1B865A91001F2D03 /* ImagesTableViewController.m */ = {isa = PBXFileReference; fileEncoding = 4; lastKnownFileType = sourcecode.c.objc; path = ImagesTableViewController.m; sourceTree = "<group>"; };
		678317E01B8D3C180019C72B /* LoginViewController.h */ = {isa = PBXFileReference; fileEncoding = 4; lastKnownFileType = sourcecode.c.h; path = LoginViewController.h; sourceTree = "<group>"; };
		678317E11B8D3C180019C72B /* LoginViewController.m */ = {isa = PBXFileReference; fileEncoding = 4; lastKnownFileType = sourcecode.c.objc; path = LoginViewController.m; sourceTree = "<group>"; };
		67BE99F71B90E8C300D21868 /* MediaFullScreenViewController.h */ = {isa = PBXFileReference; fileEncoding = 4; lastKnownFileType = sourcecode.c.h; path = MediaFullScreenViewController.h; sourceTree = "<group>"; };
		67BE99F81B90E8C300D21868 /* MediaFullScreenViewController.m */ = {isa = PBXFileReference; fileEncoding = 4; lastKnownFileType = sourcecode.c.objc; path = MediaFullScreenViewController.m; sourceTree = "<group>"; };
		67BE99FA1B911D1000D21868 /* MediaFullScreenAnimator.h */ = {isa = PBXFileReference; fileEncoding = 4; lastKnownFileType = sourcecode.c.h; path = MediaFullScreenAnimator.h; sourceTree = "<group>"; };
		67BE99FB1B911D1000D21868 /* MediaFullScreenAnimator.m */ = {isa = PBXFileReference; fileEncoding = 4; lastKnownFileType = sourcecode.c.objc; path = MediaFullScreenAnimator.m; sourceTree = "<group>"; };
		67CE98CB1B9CFDB60003C81C /* SKBounceAnimation.h */ = {isa = PBXFileReference; fileEncoding = 4; lastKnownFileType = sourcecode.c.h; path = SKBounceAnimation.h; sourceTree = "<group>"; };
		67CE98CC1B9CFDB60003C81C /* SKBounceAnimation.m */ = {isa = PBXFileReference; fileEncoding = 4; lastKnownFileType = sourcecode.c.objc; path = SKBounceAnimation.m; sourceTree = "<group>"; };
		67CE98D21B9D04A50003C81C /* UIKit.framework */ = {isa = PBXFileReference; lastKnownFileType = wrapper.framework; name = UIKit.framework; path = System/Library/Frameworks/UIKit.framework; sourceTree = SDKROOT; };
		67E533201B8A430400CDE983 /* User.h */ = {isa = PBXFileReference; fileEncoding = 4; lastKnownFileType = sourcecode.c.h; path = User.h; sourceTree = "<group>"; };
		67E533211B8A430400CDE983 /* User.m */ = {isa = PBXFileReference; fileEncoding = 4; lastKnownFileType = sourcecode.c.objc; path = User.m; sourceTree = "<group>"; };
		67E533231B8A43A800CDE983 /* Media.h */ = {isa = PBXFileReference; fileEncoding = 4; lastKnownFileType = sourcecode.c.h; path = Media.h; sourceTree = "<group>"; };
		67E533241B8A43A800CDE983 /* Media.m */ = {isa = PBXFileReference; fileEncoding = 4; lastKnownFileType = sourcecode.c.objc; path = Media.m; sourceTree = "<group>"; };
		67E533261B8A449300CDE983 /* Comment.h */ = {isa = PBXFileReference; fileEncoding = 4; lastKnownFileType = sourcecode.c.h; path = Comment.h; sourceTree = "<group>"; };
		67E533271B8A449300CDE983 /* Comment.m */ = {isa = PBXFileReference; fileEncoding = 4; lastKnownFileType = sourcecode.c.objc; path = Comment.m; sourceTree = "<group>"; };
		67E533291B8A461200CDE983 /* DataSource.h */ = {isa = PBXFileReference; fileEncoding = 4; lastKnownFileType = sourcecode.c.h; path = DataSource.h; sourceTree = "<group>"; };
		67E5332A1B8A461200CDE983 /* DataSource.m */ = {isa = PBXFileReference; fileEncoding = 4; lastKnownFileType = sourcecode.c.objc; path = DataSource.m; sourceTree = "<group>"; };
		67E5332C1B8A662400CDE983 /* MediaTableViewCell.h */ = {isa = PBXFileReference; fileEncoding = 4; lastKnownFileType = sourcecode.c.h; path = MediaTableViewCell.h; sourceTree = "<group>"; };
		67E5332D1B8A662400CDE983 /* MediaTableViewCell.m */ = {isa = PBXFileReference; fileEncoding = 4; lastKnownFileType = sourcecode.c.objc; path = MediaTableViewCell.m; sourceTree = "<group>"; };
		EC07C455DC88475EDED89DBC /* Pods.debug.xcconfig */ = {isa = PBXFileReference; includeInIndex = 1; lastKnownFileType = text.xcconfig; name = Pods.debug.xcconfig; path = "Pods/Target Support Files/Pods/Pods.debug.xcconfig"; sourceTree = "<group>"; };
/* End PBXFileReference section */

/* Begin PBXFrameworksBuildPhase section */
		676C4F9B1B86573E001F2D03 /* Frameworks */ = {
			isa = PBXFrameworksBuildPhase;
			buildActionMask = 2147483647;
			files = (
				B125F6A6C3DE7D38C9D1C8AB /* libPods.a in Frameworks */,
			);
			runOnlyForDeploymentPostprocessing = 0;
		};
		676C4FB41B86573E001F2D03 /* Frameworks */ = {
			isa = PBXFrameworksBuildPhase;
			buildActionMask = 2147483647;
			files = (
			);
			runOnlyForDeploymentPostprocessing = 0;
		};
/* End PBXFrameworksBuildPhase section */

/* Begin PBXGroup section */
		5B0D073928A240EDF35E9003 /* Pods */ = {
			isa = PBXGroup;
			children = (
				EC07C455DC88475EDED89DBC /* Pods.debug.xcconfig */,
				1422BEC1660179A57A88D798 /* Pods.release.xcconfig */,
			);
			name = Pods;
			sourceTree = "<group>";
		};
		676C4F951B86573D001F2D03 = {
			isa = PBXGroup;
			children = (
				676C4FA01B86573E001F2D03 /* Blocstagram */,
				676C4FBA1B86573E001F2D03 /* BlocstagramTests */,
				676C4F9F1B86573E001F2D03 /* Products */,
				5B0D073928A240EDF35E9003 /* Pods */,
				BE371FE8BAA8C5FC6F3DEE0D /* Frameworks */,
			);
			sourceTree = "<group>";
		};
		676C4F9F1B86573E001F2D03 /* Products */ = {
			isa = PBXGroup;
			children = (
				676C4F9E1B86573E001F2D03 /* Blocstagram.app */,
				676C4FB71B86573E001F2D03 /* BlocstagramTests.xctest */,
			);
			name = Products;
			sourceTree = "<group>";
		};
		676C4FA01B86573E001F2D03 /* Blocstagram */ = {
			isa = PBXGroup;
			children = (
				676C4FC71B865A31001F2D03 /* Images */,
				676C4FA51B86573E001F2D03 /* AppDelegate.h */,
				676C4FA61B86573E001F2D03 /* AppDelegate.m */,
				676C4FDC1B865A91001F2D03 /* ImagesTableViewController.h */,
				676C4FDD1B865A91001F2D03 /* ImagesTableViewController.m */,
				67E5332C1B8A662400CDE983 /* MediaTableViewCell.h */,
				67E5332D1B8A662400CDE983 /* MediaTableViewCell.m */,
				67BE99F71B90E8C300D21868 /* MediaFullScreenViewController.h */,
				67BE99F81B90E8C300D21868 /* MediaFullScreenViewController.m */,
				67BE99FA1B911D1000D21868 /* MediaFullScreenAnimator.h */,
				67BE99FB1B911D1000D21868 /* MediaFullScreenAnimator.m */,
				67E533201B8A430400CDE983 /* User.h */,
				67E533211B8A430400CDE983 /* User.m */,
				67E533231B8A43A800CDE983 /* Media.h */,
				67E533241B8A43A800CDE983 /* Media.m */,
				67E533261B8A449300CDE983 /* Comment.h */,
				67E533271B8A449300CDE983 /* Comment.m */,
				67E533291B8A461200CDE983 /* DataSource.h */,
				67E5332A1B8A461200CDE983 /* DataSource.m */,
				678317E01B8D3C180019C72B /* LoginViewController.h */,
				678317E11B8D3C180019C72B /* LoginViewController.m */,
				674ADA0F1B9A6AFF00987939 /* CircleSpinnerView.h */,
				674ADA101B9A6AFF00987939 /* CircleSpinnerView.m */,
				674ADA121B9A94B300987939 /* LikeButton.h */,
				674ADA131B9A94B300987939 /* LikeButton.m */,
				67CE98CB1B9CFDB60003C81C /* SKBounceAnimation.h */,
				67CE98CC1B9CFDB60003C81C /* SKBounceAnimation.m */,
				676C4FAE1B86573E001F2D03 /* Images.xcassets */,
				676C4FB01B86573E001F2D03 /* LaunchScreen.xib */,
				676C4FA11B86573E001F2D03 /* Supporting Files */,
			);
			path = Blocstagram;
			sourceTree = "<group>";
		};
		676C4FA11B86573E001F2D03 /* Supporting Files */ = {
			isa = PBXGroup;
			children = (
				676C4FA21B86573E001F2D03 /* Info.plist */,
				676C4FA31B86573E001F2D03 /* main.m */,
			);
			name = "Supporting Files";
			sourceTree = "<group>";
		};
		676C4FBA1B86573E001F2D03 /* BlocstagramTests */ = {
			isa = PBXGroup;
			children = (
				676C4FBD1B86573E001F2D03 /* BlocstagramTests.m */,
				676C4FBB1B86573E001F2D03 /* Supporting Files */,
			);
			path = BlocstagramTests;
			sourceTree = "<group>";
		};
		676C4FBB1B86573E001F2D03 /* Supporting Files */ = {
			isa = PBXGroup;
			children = (
				676C4FBC1B86573E001F2D03 /* Info.plist */,
			);
			name = "Supporting Files";
			sourceTree = "<group>";
		};
		676C4FC71B865A31001F2D03 /* Images */ = {
			isa = PBXGroup;
			children = (
				676C4FC81B865A57001F2D03 /* 1.jpg */,
				676C4FC91B865A57001F2D03 /* 2.jpg */,
				676C4FCA1B865A57001F2D03 /* 3.jpg */,
				676C4FCB1B865A57001F2D03 /* 4.jpg */,
				676C4FCC1B865A57001F2D03 /* 5.jpg */,
				676C4FCD1B865A57001F2D03 /* 6.jpg */,
				676C4FCE1B865A57001F2D03 /* 7.jpg */,
				676C4FCF1B865A57001F2D03 /* 8.jpg */,
				676C4FD01B865A57001F2D03 /* 9.jpg */,
				676C4FD11B865A57001F2D03 /* 10.jpg */,
			);
			name = Images;
			sourceTree = "<group>";
		};
		BE371FE8BAA8C5FC6F3DEE0D /* Frameworks */ = {
			isa = PBXGroup;
			children = (
				67CE98D21B9D04A50003C81C /* UIKit.framework */,
				5C282C864691FA0AF226E89D /* libPods.a */,
			);
			name = Frameworks;
			sourceTree = "<group>";
		};
/* End PBXGroup section */

/* Begin PBXNativeTarget section */
		676C4F9D1B86573E001F2D03 /* Blocstagram */ = {
			isa = PBXNativeTarget;
			buildConfigurationList = 676C4FC11B86573E001F2D03 /* Build configuration list for PBXNativeTarget "Blocstagram" */;
			buildPhases = (
				B185DEB687BB13C44DCB27ED /* Check Pods Manifest.lock */,
				676C4F9A1B86573E001F2D03 /* Sources */,
				676C4F9B1B86573E001F2D03 /* Frameworks */,
				676C4F9C1B86573E001F2D03 /* Resources */,
				4961D0E0B842783508F27F8B /* Copy Pods Resources */,
			);
			buildRules = (
			);
			dependencies = (
			);
			name = Blocstagram;
			productName = Blocstagram;
			productReference = 676C4F9E1B86573E001F2D03 /* Blocstagram.app */;
			productType = "com.apple.product-type.application";
		};
		676C4FB61B86573E001F2D03 /* BlocstagramTests */ = {
			isa = PBXNativeTarget;
			buildConfigurationList = 676C4FC41B86573E001F2D03 /* Build configuration list for PBXNativeTarget "BlocstagramTests" */;
			buildPhases = (
				676C4FB31B86573E001F2D03 /* Sources */,
				676C4FB41B86573E001F2D03 /* Frameworks */,
				676C4FB51B86573E001F2D03 /* Resources */,
			);
			buildRules = (
			);
			dependencies = (
				676C4FB91B86573E001F2D03 /* PBXTargetDependency */,
			);
			name = BlocstagramTests;
			productName = BlocstagramTests;
			productReference = 676C4FB71B86573E001F2D03 /* BlocstagramTests.xctest */;
			productType = "com.apple.product-type.bundle.unit-test";
		};
/* End PBXNativeTarget section */

/* Begin PBXProject section */
		676C4F961B86573E001F2D03 /* Project object */ = {
			isa = PBXProject;
			attributes = {
				LastUpgradeCheck = 0640;
				ORGANIZATIONNAME = Bloc;
				TargetAttributes = {
					676C4F9D1B86573E001F2D03 = {
						CreatedOnToolsVersion = 6.4;
					};
					676C4FB61B86573E001F2D03 = {
						CreatedOnToolsVersion = 6.4;
						TestTargetID = 676C4F9D1B86573E001F2D03;
					};
				};
			};
			buildConfigurationList = 676C4F991B86573E001F2D03 /* Build configuration list for PBXProject "Blocstagram" */;
			compatibilityVersion = "Xcode 3.2";
			developmentRegion = English;
			hasScannedForEncodings = 0;
			knownRegions = (
				en,
				Base,
			);
			mainGroup = 676C4F951B86573D001F2D03;
			productRefGroup = 676C4F9F1B86573E001F2D03 /* Products */;
			projectDirPath = "";
			projectRoot = "";
			targets = (
				676C4F9D1B86573E001F2D03 /* Blocstagram */,
				676C4FB61B86573E001F2D03 /* BlocstagramTests */,
			);
		};
/* End PBXProject section */

/* Begin PBXResourcesBuildPhase section */
		676C4F9C1B86573E001F2D03 /* Resources */ = {
			isa = PBXResourcesBuildPhase;
			buildActionMask = 2147483647;
			files = (
				676C4FDA1B865A57001F2D03 /* 9.jpg in Resources */,
				676C4FD91B865A57001F2D03 /* 8.jpg in Resources */,
				676C4FD51B865A57001F2D03 /* 4.jpg in Resources */,
				676C4FD41B865A57001F2D03 /* 3.jpg in Resources */,
				676C4FD71B865A57001F2D03 /* 6.jpg in Resources */,
				676C4FD21B865A57001F2D03 /* 1.jpg in Resources */,
				676C4FB21B86573E001F2D03 /* LaunchScreen.xib in Resources */,
				676C4FD61B865A57001F2D03 /* 5.jpg in Resources */,
				676C4FD81B865A57001F2D03 /* 7.jpg in Resources */,
				676C4FD31B865A57001F2D03 /* 2.jpg in Resources */,
				676C4FDB1B865A57001F2D03 /* 10.jpg in Resources */,
				676C4FAF1B86573E001F2D03 /* Images.xcassets in Resources */,
			);
			runOnlyForDeploymentPostprocessing = 0;
		};
		676C4FB51B86573E001F2D03 /* Resources */ = {
			isa = PBXResourcesBuildPhase;
			buildActionMask = 2147483647;
			files = (
			);
			runOnlyForDeploymentPostprocessing = 0;
		};
/* End PBXResourcesBuildPhase section */

/* Begin PBXShellScriptBuildPhase section */
		4961D0E0B842783508F27F8B /* Copy Pods Resources */ = {
			isa = PBXShellScriptBuildPhase;
			buildActionMask = 2147483647;
			files = (
			);
			inputPaths = (
			);
			name = "Copy Pods Resources";
			outputPaths = (
			);
			runOnlyForDeploymentPostprocessing = 0;
			shellPath = /bin/sh;
			shellScript = "\"${SRCROOT}/Pods/Target Support Files/Pods/Pods-resources.sh\"\n";
			showEnvVarsInLog = 0;
		};
		B185DEB687BB13C44DCB27ED /* Check Pods Manifest.lock */ = {
			isa = PBXShellScriptBuildPhase;
			buildActionMask = 2147483647;
			files = (
			);
			inputPaths = (
			);
			name = "Check Pods Manifest.lock";
			outputPaths = (
			);
			runOnlyForDeploymentPostprocessing = 0;
			shellPath = /bin/sh;
			shellScript = "diff \"${PODS_ROOT}/../Podfile.lock\" \"${PODS_ROOT}/Manifest.lock\" > /dev/null\nif [[ $? != 0 ]] ; then\n    cat << EOM\nerror: The sandbox is not in sync with the Podfile.lock. Run 'pod install' or update your CocoaPods installation.\nEOM\n    exit 1\nfi\n";
			showEnvVarsInLog = 0;
		};
/* End PBXShellScriptBuildPhase section */

/* Begin PBXSourcesBuildPhase section */
		676C4F9A1B86573E001F2D03 /* Sources */ = {
			isa = PBXSourcesBuildPhase;
			buildActionMask = 2147483647;
			files = (
				67BE99F91B90E8C300D21868 /* MediaFullScreenViewController.m in Sources */,
				67E533221B8A430400CDE983 /* User.m in Sources */,
				67E533281B8A449300CDE983 /* Comment.m in Sources */,
				67E5332E1B8A662400CDE983 /* MediaTableViewCell.m in Sources */,
				67BE99FC1B911D1000D21868 /* MediaFullScreenAnimator.m in Sources */,
				67E533251B8A43A800CDE983 /* Media.m in Sources */,
				676C4FA71B86573E001F2D03 /* AppDelegate.m in Sources */,
				678317E21B8D3C180019C72B /* LoginViewController.m in Sources */,
				67CE98CD1B9CFDB60003C81C /* SKBounceAnimation.m in Sources */,
				67E5332B1B8A461200CDE983 /* DataSource.m in Sources */,
				676C4FA41B86573E001F2D03 /* main.m in Sources */,
				674ADA141B9A94B300987939 /* LikeButton.m in Sources */,
				674ADA111B9A6AFF00987939 /* CircleSpinnerView.m in Sources */,
				676C4FDE1B865A91001F2D03 /* ImagesTableViewController.m in Sources */,
			);
			runOnlyForDeploymentPostprocessing = 0;
		};
		676C4FB31B86573E001F2D03 /* Sources */ = {
			isa = PBXSourcesBuildPhase;
			buildActionMask = 2147483647;
			files = (
				676C4FBE1B86573E001F2D03 /* BlocstagramTests.m in Sources */,
			);
			runOnlyForDeploymentPostprocessing = 0;
		};
/* End PBXSourcesBuildPhase section */

/* Begin PBXTargetDependency section */
		676C4FB91B86573E001F2D03 /* PBXTargetDependency */ = {
			isa = PBXTargetDependency;
			target = 676C4F9D1B86573E001F2D03 /* Blocstagram */;
			targetProxy = 676C4FB81B86573E001F2D03 /* PBXContainerItemProxy */;
		};
/* End PBXTargetDependency section */

/* Begin PBXVariantGroup section */
		676C4FB01B86573E001F2D03 /* LaunchScreen.xib */ = {
			isa = PBXVariantGroup;
			children = (
				676C4FB11B86573E001F2D03 /* Base */,
			);
			name = LaunchScreen.xib;
			sourceTree = "<group>";
		};
/* End PBXVariantGroup section */

/* Begin XCBuildConfiguration section */
		676C4FBF1B86573E001F2D03 /* Debug */ = {
			isa = XCBuildConfiguration;
			buildSettings = {
				ALWAYS_SEARCH_USER_PATHS = NO;
				CLANG_CXX_LANGUAGE_STANDARD = "gnu++0x";
				CLANG_CXX_LIBRARY = "libc++";
				CLANG_ENABLE_MODULES = YES;
				CLANG_ENABLE_OBJC_ARC = YES;
				CLANG_WARN_BOOL_CONVERSION = YES;
				CLANG_WARN_CONSTANT_CONVERSION = YES;
				CLANG_WARN_DIRECT_OBJC_ISA_USAGE = YES_ERROR;
				CLANG_WARN_EMPTY_BODY = YES;
				CLANG_WARN_ENUM_CONVERSION = YES;
				CLANG_WARN_INT_CONVERSION = YES;
				CLANG_WARN_OBJC_ROOT_CLASS = YES_ERROR;
				CLANG_WARN_UNREACHABLE_CODE = YES;
				CLANG_WARN__DUPLICATE_METHOD_MATCH = YES;
				"CODE_SIGN_IDENTITY[sdk=iphoneos*]" = "iPhone Developer";
				COPY_PHASE_STRIP = NO;
				DEBUG_INFORMATION_FORMAT = "dwarf-with-dsym";
				ENABLE_STRICT_OBJC_MSGSEND = YES;
				GCC_C_LANGUAGE_STANDARD = gnu99;
				GCC_DYNAMIC_NO_PIC = NO;
				GCC_NO_COMMON_BLOCKS = YES;
				GCC_OPTIMIZATION_LEVEL = 0;
				GCC_PREPROCESSOR_DEFINITIONS = (
					"DEBUG=1",
					"$(inherited)",
				);
				GCC_SYMBOLS_PRIVATE_EXTERN = NO;
				GCC_WARN_64_TO_32_BIT_CONVERSION = YES;
				GCC_WARN_ABOUT_RETURN_TYPE = YES_ERROR;
				GCC_WARN_UNDECLARED_SELECTOR = YES;
				GCC_WARN_UNINITIALIZED_AUTOS = YES_AGGRESSIVE;
				GCC_WARN_UNUSED_FUNCTION = YES;
				GCC_WARN_UNUSED_VARIABLE = YES;
				IPHONEOS_DEPLOYMENT_TARGET = 8.4;
				MTL_ENABLE_DEBUG_INFO = YES;
				ONLY_ACTIVE_ARCH = YES;
				SDKROOT = iphoneos;
				TARGETED_DEVICE_FAMILY = "1,2";
			};
			name = Debug;
		};
		676C4FC01B86573E001F2D03 /* Release */ = {
			isa = XCBuildConfiguration;
			buildSettings = {
				ALWAYS_SEARCH_USER_PATHS = NO;
				CLANG_CXX_LANGUAGE_STANDARD = "gnu++0x";
				CLANG_CXX_LIBRARY = "libc++";
				CLANG_ENABLE_MODULES = YES;
				CLANG_ENABLE_OBJC_ARC = YES;
				CLANG_WARN_BOOL_CONVERSION = YES;
				CLANG_WARN_CONSTANT_CONVERSION = YES;
				CLANG_WARN_DIRECT_OBJC_ISA_USAGE = YES_ERROR;
				CLANG_WARN_EMPTY_BODY = YES;
				CLANG_WARN_ENUM_CONVERSION = YES;
				CLANG_WARN_INT_CONVERSION = YES;
				CLANG_WARN_OBJC_ROOT_CLASS = YES_ERROR;
				CLANG_WARN_UNREACHABLE_CODE = YES;
				CLANG_WARN__DUPLICATE_METHOD_MATCH = YES;
				"CODE_SIGN_IDENTITY[sdk=iphoneos*]" = "iPhone Developer";
				COPY_PHASE_STRIP = NO;
				DEBUG_INFORMATION_FORMAT = "dwarf-with-dsym";
				ENABLE_NS_ASSERTIONS = NO;
				ENABLE_STRICT_OBJC_MSGSEND = YES;
				GCC_C_LANGUAGE_STANDARD = gnu99;
				GCC_NO_COMMON_BLOCKS = YES;
				GCC_WARN_64_TO_32_BIT_CONVERSION = YES;
				GCC_WARN_ABOUT_RETURN_TYPE = YES_ERROR;
				GCC_WARN_UNDECLARED_SELECTOR = YES;
				GCC_WARN_UNINITIALIZED_AUTOS = YES_AGGRESSIVE;
				GCC_WARN_UNUSED_FUNCTION = YES;
				GCC_WARN_UNUSED_VARIABLE = YES;
				IPHONEOS_DEPLOYMENT_TARGET = 8.4;
				MTL_ENABLE_DEBUG_INFO = NO;
				SDKROOT = iphoneos;
				TARGETED_DEVICE_FAMILY = "1,2";
				VALIDATE_PRODUCT = YES;
			};
			name = Release;
		};
		676C4FC21B86573E001F2D03 /* Debug */ = {
			isa = XCBuildConfiguration;
			baseConfigurationReference = EC07C455DC88475EDED89DBC /* Pods.debug.xcconfig */;
			buildSettings = {
				ASSETCATALOG_COMPILER_APPICON_NAME = AppIcon;
				FRAMEWORK_SEARCH_PATHS = (
					"$(inherited)",
					"$(PROJECT_DIR)",
				);
				INFOPLIST_FILE = Blocstagram/Info.plist;
				LD_RUNPATH_SEARCH_PATHS = "$(inherited) @executable_path/Frameworks";
				PRODUCT_NAME = "$(TARGET_NAME)";
			};
			name = Debug;
		};
		676C4FC31B86573E001F2D03 /* Release */ = {
			isa = XCBuildConfiguration;
			baseConfigurationReference = 1422BEC1660179A57A88D798 /* Pods.release.xcconfig */;
			buildSettings = {
				ASSETCATALOG_COMPILER_APPICON_NAME = AppIcon;
				FRAMEWORK_SEARCH_PATHS = (
					"$(inherited)",
					"$(PROJECT_DIR)",
				);
				INFOPLIST_FILE = Blocstagram/Info.plist;
				LD_RUNPATH_SEARCH_PATHS = "$(inherited) @executable_path/Frameworks";
				PRODUCT_NAME = "$(TARGET_NAME)";
			};
			name = Release;
		};
		676C4FC51B86573E001F2D03 /* Debug */ = {
			isa = XCBuildConfiguration;
			buildSettings = {
				BUNDLE_LOADER = "$(TEST_HOST)";
				FRAMEWORK_SEARCH_PATHS = (
					"$(SDKROOT)/Developer/Library/Frameworks",
					"$(inherited)",
				);
				GCC_PREPROCESSOR_DEFINITIONS = (
					"DEBUG=1",
					"$(inherited)",
				);
				INFOPLIST_FILE = BlocstagramTests/Info.plist;
				LD_RUNPATH_SEARCH_PATHS = "$(inherited) @executable_path/Frameworks @loader_path/Frameworks";
				PRODUCT_NAME = "$(TARGET_NAME)";
				TEST_HOST = "$(BUILT_PRODUCTS_DIR)/Blocstagram.app/Blocstagram";
			};
			name = Debug;
		};
		676C4FC61B86573E001F2D03 /* Release */ = {
			isa = XCBuildConfiguration;
			buildSettings = {
				BUNDLE_LOADER = "$(TEST_HOST)";
				FRAMEWORK_SEARCH_PATHS = (
					"$(SDKROOT)/Developer/Library/Frameworks",
					"$(inherited)",
				);
				INFOPLIST_FILE = BlocstagramTests/Info.plist;
				LD_RUNPATH_SEARCH_PATHS = "$(inherited) @executable_path/Frameworks @loader_path/Frameworks";
				PRODUCT_NAME = "$(TARGET_NAME)";
				TEST_HOST = "$(BUILT_PRODUCTS_DIR)/Blocstagram.app/Blocstagram";
			};
			name = Release;
		};
/* End XCBuildConfiguration section */

/* Begin XCConfigurationList section */
		676C4F991B86573E001F2D03 /* Build configuration list for PBXProject "Blocstagram" */ = {
			isa = XCConfigurationList;
			buildConfigurations = (
				676C4FBF1B86573E001F2D03 /* Debug */,
				676C4FC01B86573E001F2D03 /* Release */,
			);
			defaultConfigurationIsVisible = 0;
			defaultConfigurationName = Release;
		};
		676C4FC11B86573E001F2D03 /* Build configuration list for PBXNativeTarget "Blocstagram" */ = {
			isa = XCConfigurationList;
			buildConfigurations = (
				676C4FC21B86573E001F2D03 /* Debug */,
				676C4FC31B86573E001F2D03 /* Release */,
			);
			defaultConfigurationIsVisible = 0;
			defaultConfigurationName = Release;
		};
		676C4FC41B86573E001F2D03 /* Build configuration list for PBXNativeTarget "BlocstagramTests" */ = {
			isa = XCConfigurationList;
			buildConfigurations = (
				676C4FC51B86573E001F2D03 /* Debug */,
				676C4FC61B86573E001F2D03 /* Release */,
			);
			defaultConfigurationIsVisible = 0;
			defaultConfigurationName = Release;
		};
/* End XCConfigurationList section */
	};
	rootObject = 676C4F961B86573E001F2D03 /* Project object */;
}
